{
  "name": "artifacts-starter",
  "lockfileVersion": 3,
  "requires": true,
  "packages": {
    "": {
      "name": "artifacts-starter",
      "license": "Apache-2.0",
      "dependencies": {
        "@elithrar/workers-hono-rate-limit": "^0.5.1",
        "hono": "^4.12.14"
      }
    },
    "node_modules/@elithrar/workers-hono-rate-limit": {
      "version": "0.5.1",
      "resolved": "https://registry.npmjs.org/@elithrar/workers-hono-rate-limit/-/workers-hono-rate-limit-0.5.1.tgz",
      "integrity": "sha512-DKOxeQxyIHuVnD7fqWUhg2KxFchjUCnbmWmrXY/9jnAN67C1s7k2ABvKI4Iavv7D0Pt08tbMOKB1fLAb3wioBw==",
      "license": "Apache-2.0",
      "peerDependencies": {
        "hono": ">=4.0.0"
      }
    },
    "node_modules/hono": {
      "version": "4.12.14",
      "resolved": "https://registry.npmjs.org/hono/-/hono-4.12.14.tgz",
      "integrity": "sha512-am5zfg3yu6sqn5yjKBNqhnTX7Cv+m00ox+7jbaKkrLMRJ4rAdldd1xPd/JzbBWspqaQv6RSTrgFN95EsfhC+7w==",
      "license": "MIT",
      "engines": {
        "node": ">=16.9.0"
      }
    }
  }
}
